
Microsoft Visual Studio Solution File, Format Version 12.00
# Visual Studio Version 17
VisualStudioVersion = 17.13.35931.197 d17.13
MinimumVisualStudioVersion = 10.0.40219.1
Project("{8BC9CEB8-8B4A-11D0-8D11-00A0C91BC942}") = "Bank Project", "Bank Project\Bank Project.vcxproj", "{FFC5BA75-9223-499F-A7F1-17A917C2F0B1}"
EndProject
Global
	GlobalSection(SolutionConfigurationPlatforms) = preSolution
		Debug|x64 = Debug|x64
		Debug|x86 = Debug|x86
		Release|x64 = Release|x64
		Release|x86 = Release|x86
	EndGlobalSection
	GlobalSection(ProjectConfigurationPlatforms) = postSolution
		{FFC5BA75-9223-499F-A7F1-17A917C2F0B1}.Debug|x64.ActiveCfg = Debug|x64
		{FFC5BA75-9223-499F-A7F1-17A917C2F0B1}.Debug|x64.Build.0 = Debug|x64
		{FFC5BA75-9223-499F-A7F1-17A917C2F0B1}.Debug|x86.ActiveCfg = Debug|Win32
		{FFC5BA75-9223-499F-A7F1-17A917C2F0B1}.Debug|x86.Build.0 = Debug|Win32
		{FFC5BA75-9223-499F-A7F1-17A917C2F0B1}.Release|x64.ActiveCfg = Release|x64
		{FFC5BA75-9223-499F-A7F1-17A917C2F0B1}.Release|x64.Build.0 = Release|x64
		{FFC5BA75-9223-499F-A7F1-17A917C2F0B1}.Release|x86.ActiveCfg = Release|Win32
		{FFC5BA75-9223-499F-A7F1-17A917C2F0B1}.Release|x86.Build.0 = Release|Win32
	EndGlobalSection
	GlobalSection(SolutionProperties) = preSolution
		HideSolutionNode = FALSE
	EndGlobalSection
	GlobalSection(ExtensibilityGlobals) = postSolution
		SolutionGuid = {0881D0F7-6B08-42FE-A71D-9337AAE92D68}
	EndGlobalSection
EndGlobal
